{
  "version": 4,
  "terraform_version": "1.0.0",
  "serial": 2,
  "lineage": "03689ca8-65c4-d60f-f2fa-fe405f2a9b8f",
  "outputs": {
    "bootstrap_endpoint": {
      "value": "SASL_SSL://pkc-75m1o.europe-west3.gcp.confluent.cloud:9092",
      "type": "string",
      "sensitive": true
    },
    "cluster_id": {
      "value": "lkc-qng832",
      "type": "string"
    },
    "cluster_name": {
      "value": "development-01",
      "type": "string"
    },
    "environment_id": {
      "value": "env-dw1z37",
      "type": "string"
    },
    "environment_name": {
      "value": "development",
      "type": "string"
    }
  },
  "resources": [
    {
      "mode": "data",
      "type": "confluent_environment",
      "name": "this",
      "provider": "provider[\"registry.terraform.io/confluentinc/confluent\"]",
      "instances": [
        {
          "schema_version": 0,
          "attributes": {
            "display_name": "development",
            "id": "env-dw1z37",
            "resource_name": "crn://confluent.cloud/organization=e4d9f84c-2cc6-44a1-a685-aa5cc6ed4ed6/environment=env-dw1z37",
            "stream_governance": [
              {
                "package": ""
              }
            ]
          },
          "sensitive_attributes": []
        }
      ]
    },
    {
      "mode": "managed",
      "type": "confluent_kafka_cluster",
      "name": "this",
      "provider": "provider[\"registry.terraform.io/confluentinc/confluent\"]",
      "instances": [
        {
          "schema_version": 1,
          "attributes": {
            "api_version": "cmk/v2",
            "availability": "SINGLE_ZONE",
            "basic": [
              {}
            ],
            "bootstrap_endpoint": "SASL_SSL://pkc-75m1o.europe-west3.gcp.confluent.cloud:9092",
            "byok_key": [
              {
                "id": ""
              }
            ],
            "cloud": "GCP",
            "dedicated": [],
            "display_name": "development-01",
            "enterprise": [],
            "environment": [
              {
                "id": "env-dw1z37"
              }
            ],
            "freight": [],
            "id": "lkc-qng832",
            "kind": "Cluster",
            "network": [
              {
                "id": ""
              }
            ],
            "rbac_crn": "crn://confluent.cloud/organization=e4d9f84c-2cc6-44a1-a685-aa5cc6ed4ed6/environment=env-dw1z37/cloud-cluster=lkc-qng832",
            "region": "europe-west3",
            "rest_endpoint": "https://pkc-75m1o.europe-west3.gcp.confluent.cloud:443",
            "standard": [],
            "timeouts": null
          },
          "sensitive_attributes": [],
          "private": "eyJlMmJmYjczMC1lY2FhLTExZTYtOGY4OC0zNDM2M2JjN2M0YzAiOnsiY3JlYXRlIjoyNTkyMDAwMDAwMDAwMDAsInVwZGF0ZSI6MjU5MjAwMDAwMDAwMDAwfSwic2NoZW1hX3ZlcnNpb24iOiIxIn0=",
          "dependencies": [
            "data.confluent_environment.this"
          ]
        }
      ]
    }
  ]
}
